// !$*UTF8*$!
{
	archiveVersion = 1;
	classes = {
	};
	objectVersion = 46;
	objects = {

/* Begin PBXBuildFile section */
		2B0EE0421FBB442700ADAD09 /* bnode_inner.cpp in Sources */ = {isa = PBXBuildFile; fileRef = 2B0EE0361FBB442700ADAD09 /* bnode_inner.cpp */; };
		2B0EE0431FBB442700ADAD09 /* mainfile.cpp in Sources */ = {isa = PBXBuildFile; fileRef = 2B0EE0371FBB442700ADAD09 /* mainfile.cpp */; };
		2B0EE0441FBB442700ADAD09 /* impl.cpp in Sources */ = {isa = PBXBuildFile; fileRef = 2B0EE0381FBB442700ADAD09 /* impl.cpp */; };
		2B0EE0451FBB442700ADAD09 /* bnode_leaf.cpp in Sources */ = {isa = PBXBuildFile; fileRef = 2B0EE0391FBB442700ADAD09 /* bnode_leaf.cpp */; };
		2B0EE0461FBB442700ADAD09 /* btree.cpp in Sources */ = {isa = PBXBuildFile; fileRef = 2B0EE03A1FBB442700ADAD09 /* btree.cpp */; };
		2B0EE0471FBB442700ADAD09 /* bnode.cpp in Sources */ = {isa = PBXBuildFile; fileRef = 2B0EE03F1FBB442700ADAD09 /* bnode.cpp */; };
		2B9AD1521FBB43C400E80C9F /* main.cpp in Sources */ = {isa = PBXBuildFile; fileRef = 2B9AD1511FBB43C400E80C9F /* main.cpp */; };
/* End PBXBuildFile section */

/* Begin PBXCopyFilesBuildPhase section */
		2B9AD14C1FBB43C400E80C9F /* CopyFiles */ = {
			isa = PBXCopyFilesBuildPhase;
			buildActionMask = 2147483647;
			dstPath = /usr/share/man/man1/;
			dstSubfolderSpec = 0;
			files = (
			);
			runOnlyForDeploymentPostprocessing = 1;
		};
/* End PBXCopyFilesBuildPhase section */

/* Begin PBXFileReference section */
		2B0EE0361FBB442700ADAD09 /* bnode_inner.cpp */ = {isa = PBXFileReference; fileEncoding = 4; lastKnownFileType = sourcecode.cpp.cpp; path = bnode_inner.cpp; sourceTree = "<group>"; };
		2B0EE0371FBB442700ADAD09 /* mainfile.cpp */ = {isa = PBXFileReference; fileEncoding = 4; lastKnownFileType = sourcecode.cpp.cpp; path = mainfile.cpp; sourceTree = "<group>"; };
		2B0EE0381FBB442700ADAD09 /* impl.cpp */ = {isa = PBXFileReference; fileEncoding = 4; lastKnownFileType = sourcecode.cpp.cpp; path = impl.cpp; sourceTree = "<group>"; };
		2B0EE0391FBB442700ADAD09 /* bnode_leaf.cpp */ = {isa = PBXFileReference; fileEncoding = 4; lastKnownFileType = sourcecode.cpp.cpp; path = bnode_leaf.cpp; sourceTree = "<group>"; };
		2B0EE03A1FBB442700ADAD09 /* btree.cpp */ = {isa = PBXFileReference; fileEncoding = 4; lastKnownFileType = sourcecode.cpp.cpp; path = btree.cpp; sourceTree = "<group>"; };
		2B0EE03B1FBB442700ADAD09 /* bnode.h */ = {isa = PBXFileReference; fileEncoding = 4; lastKnownFileType = sourcecode.c.h; path = bnode.h; sourceTree = "<group>"; };
		2B0EE03C1FBB442700ADAD09 /* btree.h */ = {isa = PBXFileReference; fileEncoding = 4; lastKnownFileType = sourcecode.c.h; path = btree.h; sourceTree = "<group>"; };
		2B0EE03D1FBB442700ADAD09 /* bnode_inner.h */ = {isa = PBXFileReference; fileEncoding = 4; lastKnownFileType = sourcecode.c.h; path = bnode_inner.h; sourceTree = "<group>"; };
		2B0EE03E1FBB442700ADAD09 /* bnode_leaf.h */ = {isa = PBXFileReference; fileEncoding = 4; lastKnownFileType = sourcecode.c.h; path = bnode_leaf.h; sourceTree = "<group>"; };
		2B0EE03F1FBB442700ADAD09 /* bnode.cpp */ = {isa = PBXFileReference; fileEncoding = 4; lastKnownFileType = sourcecode.cpp.cpp; path = bnode.cpp; sourceTree = "<group>"; };
		2B0EE0401FBB442700ADAD09 /* constants.h */ = {isa = PBXFileReference; fileEncoding = 4; lastKnownFileType = sourcecode.c.h; path = constants.h; sourceTree = "<group>"; };
		2B0EE0411FBB442700ADAD09 /* Makefile */ = {isa = PBXFileReference; fileEncoding = 4; lastKnownFileType = sourcecode.make; path = Makefile; sourceTree = "<group>"; };
		2B9AD14E1FBB43C400E80C9F /* PS3 */ = {isa = PBXFileReference; explicitFileType = "compiled.mach-o.executable"; includeInIndex = 0; path = PS3; sourceTree = BUILT_PRODUCTS_DIR; };
		2B9AD1511FBB43C400E80C9F /* main.cpp */ = {isa = PBXFileReference; lastKnownFileType = sourcecode.cpp.cpp; path = main.cpp; sourceTree = "<group>"; };
/* End PBXFileReference section */

/* Begin PBXFrameworksBuildPhase section */
		2B9AD14B1FBB43C400E80C9F /* Frameworks */ = {
			isa = PBXFrameworksBuildPhase;
			buildActionMask = 2147483647;
			files = (
			);
			runOnlyForDeploymentPostprocessing = 0;
		};
/* End PBXFrameworksBuildPhase section */

/* Begin PBXGroup section */
		2B9AD1451FBB43C400E80C9F = {
			isa = PBXGroup;
			children = (
				2B0EE0361FBB442700ADAD09 /* bnode_inner.cpp */,
				2B0EE0371FBB442700ADAD09 /* mainfile.cpp */,
				2B0EE0381FBB442700ADAD09 /* impl.cpp */,
				2B0EE0391FBB442700ADAD09 /* bnode_leaf.cpp */,
				2B0EE03A1FBB442700ADAD09 /* btree.cpp */,
				2B0EE03B1FBB442700ADAD09 /* bnode.h */,
				2B0EE03C1FBB442700ADAD09 /* btree.h */,
				2B0EE03D1FBB442700ADAD09 /* bnode_inner.h */,
				2B0EE03E1FBB442700ADAD09 /* bnode_leaf.h */,
				2B0EE03F1FBB442700ADAD09 /* bnode.cpp */,
				2B0EE0401FBB442700ADAD09 /* constants.h */,
				2B0EE0411FBB442700ADAD09 /* Makefile */,
				2B9AD1501FBB43C400E80C9F /* PS3 */,
				2B9AD14F1FBB43C400E80C9F /* Products */,
			);
			sourceTree = "<group>";
		};
		2B9AD14F1FBB43C400E80C9F /* Products */ = {
			isa = PBXGroup;
			children = (
				2B9AD14E1FBB43C400E80C9F /* PS3 */,
			);
			name = Products;
			sourceTree = "<group>";
		};
		2B9AD1501FBB43C400E80C9F /* PS3 */ = {
			isa = PBXGroup;
			children = (
				2B9AD1511FBB43C400E80C9F /* main.cpp */,
			);
			path = PS3;
			sourceTree = "<group>";
		};
/* End PBXGroup section */

/* Begin PBXNativeTarget section */
		2B9AD14D1FBB43C400E80C9F /* PS3 */ = {
			isa = PBXNativeTarget;
			buildConfigurationList = 2B9AD1551FBB43C400E80C9F /* Build configuration list for PBXNativeTarget "PS3" */;
			buildPhases = (
				2B9AD14A1FBB43C400E80C9F /* Sources */,
				2B9AD14B1FBB43C400E80C9F /* Frameworks */,
				2B9AD14C1FBB43C400E80C9F /* CopyFiles */,
			);
			buildRules = (
			);
			dependencies = (
			);
			name = PS3;
			productName = PS3;
			productReference = 2B9AD14E1FBB43C400E80C9F /* PS3 */;
			productType = "com.apple.product-type.tool";
		};
/* End PBXNativeTarget section */

/* Begin PBXProject section */
		2B9AD1461FBB43C400E80C9F /* Project object */ = {
			isa = PBXProject;
			attributes = {
				LastUpgradeCheck = 0830;
				ORGANIZATIONNAME = "Isabel Gao ";
				TargetAttributes = {
					2B9AD14D1FBB43C400E80C9F = {
						CreatedOnToolsVersion = 8.3.3;
						ProvisioningStyle = Automatic;
					};
				};
			};
			buildConfigurationList = 2B9AD1491FBB43C400E80C9F /* Build configuration list for PBXProject "PS3" */;
			compatibilityVersion = "Xcode 3.2";
			developmentRegion = English;
			hasScannedForEncodings = 0;
			knownRegions = (
				en,
			);
			mainGroup = 2B9AD1451FBB43C400E80C9F;
			productRefGroup = 2B9AD14F1FBB43C400E80C9F /* Products */;
			projectDirPath = "";
			projectRoot = "";
			targets = (
				2B9AD14D1FBB43C400E80C9F /* PS3 */,
			);
		};
/* End PBXProject section */

/* Begin PBXSourcesBuildPhase section */
		2B9AD14A1FBB43C400E80C9F /* Sources */ = {
			isa = PBXSourcesBuildPhase;
			buildActionMask = 2147483647;
			files = (
				2B9AD1521FBB43C400E80C9F /* main.cpp in Sources */,
				2B0EE0451FBB442700ADAD09 /* bnode_leaf.cpp in Sources */,
				2B0EE0461FBB442700ADAD09 /* btree.cpp in Sources */,
				2B0EE0421FBB442700ADAD09 /* bnode_inner.cpp in Sources */,
				2B0EE0471FBB442700ADAD09 /* bnode.cpp in Sources */,
				2B0EE0431FBB442700ADAD09 /* mainfile.cpp in Sources */,
				2B0EE0441FBB442700ADAD09 /* impl.cpp in Sources */,
			);
			runOnlyForDeploymentPostprocessing = 0;
		};
/* End PBXSourcesBuildPhase section */

/* Begin XCBuildConfiguration section */
		2B9AD1531FBB43C400E80C9F /* Debug */ = {
			isa = XCBuildConfiguration;
			buildSettings = {
				ALWAYS_SEARCH_USER_PATHS = NO;
				CLANG_ANALYZER_NONNULL = YES;
				CLANG_ANALYZER_NUMBER_OBJECT_CONVERSION = YES_AGGRESSIVE;
				CLANG_CXX_LANGUAGE_STANDARD = "gnu++0x";
				CLANG_CXX_LIBRARY = "libc++";
				CLANG_ENABLE_MODULES = YES;
				CLANG_ENABLE_OBJC_ARC = YES;
				CLANG_WARN_BOOL_CONVERSION = YES;
				CLANG_WARN_CONSTANT_CONVERSION = YES;
				CLANG_WARN_DIRECT_OBJC_ISA_USAGE = YES_ERROR;
				CLANG_WARN_DOCUMENTATION_COMMENTS = YES;
				CLANG_WARN_EMPTY_BODY = YES;
				CLANG_WARN_ENUM_CONVERSION = YES;
				CLANG_WARN_INFINITE_RECURSION = YES;
				CLANG_WARN_INT_CONVERSION = YES;
				CLANG_WARN_OBJC_ROOT_CLASS = YES_ERROR;
				CLANG_WARN_SUSPICIOUS_MOVE = YES;
				CLANG_WARN_UNREACHABLE_CODE = YES;
				CLANG_WARN__DUPLICATE_METHOD_MATCH = YES;
				CODE_SIGN_IDENTITY = "-";
				COPY_PHASE_STRIP = NO;
				DEBUG_INFORMATION_FORMAT = dwarf;
				ENABLE_STRICT_OBJC_MSGSEND = YES;
				ENABLE_TESTABILITY = YES;
				GCC_C_LANGUAGE_STANDARD = gnu99;
				GCC_DYNAMIC_NO_PIC = NO;
				GCC_NO_COMMON_BLOCKS = YES;
				GCC_OPTIMIZATION_LEVEL = 0;
				GCC_PREPROCESSOR_DEFINITIONS = (
					"DEBUG=1",
					"$(inherited)",
				);
				GCC_WARN_64_TO_32_BIT_CONVERSION = YES;
				GCC_WARN_ABOUT_RETURN_TYPE = YES_ERROR;
				GCC_WARN_UNDECLARED_SELECTOR = YES;
				GCC_WARN_UNINITIALIZED_AUTOS = YES_AGGRESSIVE;
				GCC_WARN_UNUSED_FUNCTION = YES;
				GCC_WARN_UNUSED_VARIABLE = YES;
				MACOSX_DEPLOYMENT_TARGET = 10.12;
				MTL_ENABLE_DEBUG_INFO = YES;
				ONLY_ACTIVE_ARCH = YES;
				SDKROOT = macosx;
			};
			name = Debug;
		};
		2B9AD1541FBB43C400E80C9F /* Release */ = {
			isa = XCBuildConfiguration;
			buildSettings = {
				ALWAYS_SEARCH_USER_PATHS = NO;
				CLANG_ANALYZER_NONNULL = YES;
				CLANG_ANALYZER_NUMBER_OBJECT_CONVERSION = YES_AGGRESSIVE;
				CLANG_CXX_LANGUAGE_STANDARD = "gnu++0x";
				CLANG_CXX_LIBRARY = "libc++";
				CLANG_ENABLE_MODULES = YES;
				CLANG_ENABLE_OBJC_ARC = YES;
				CLANG_WARN_BOOL_CONVERSION = YES;
				CLANG_WARN_CONSTANT_CONVERSION = YES;
				CLANG_WARN_DIRECT_OBJC_ISA_USAGE = YES_ERROR;
				CLANG_WARN_DOCUMENTATION_COMMENTS = YES;
				CLANG_WARN_EMPTY_BODY = YES;
				CLANG_WARN_ENUM_CONVERSION = YES;
				CLANG_WARN_INFINITE_RECURSION = YES;
				CLANG_WARN_INT_CONVERSION = YES;
				CLANG_WARN_OBJC_ROOT_CLASS = YES_ERROR;
				CLANG_WARN_SUSPICIOUS_MOVE = YES;
				CLANG_WARN_UNREACHABLE_CODE = YES;
				CLANG_WARN__DUPLICATE_METHOD_MATCH = YES;
				CODE_SIGN_IDENTITY = "-";
				COPY_PHASE_STRIP = NO;
				DEBUG_INFORMATION_FORMAT = "dwarf-with-dsym";
				ENABLE_NS_ASSERTIONS = NO;
				ENABLE_STRICT_OBJC_MSGSEND = YES;
				GCC_C_LANGUAGE_STANDARD = gnu99;
				GCC_NO_COMMON_BLOCKS = YES;
				GCC_WARN_64_TO_32_BIT_CONVERSION = YES;
				GCC_WARN_ABOUT_RETURN_TYPE = YES_ERROR;
				GCC_WARN_UNDECLARED_SELECTOR = YES;
				GCC_WARN_UNINITIALIZED_AUTOS = YES_AGGRESSIVE;
				GCC_WARN_UNUSED_FUNCTION = YES;
				GCC_WARN_UNUSED_VARIABLE = YES;
				MACOSX_DEPLOYMENT_TARGET = 10.12;
				MTL_ENABLE_DEBUG_INFO = NO;
				SDKROOT = macosx;
			};
			name = Release;
		};
		2B9AD1561FBB43C400E80C9F /* Debug */ = {
			isa = XCBuildConfiguration;
			buildSettings = {
				PRODUCT_NAME = "$(TARGET_NAME)";
			};
			name = Debug;
		};
		2B9AD1571FBB43C400E80C9F /* Release */ = {
			isa = XCBuildConfiguration;
			buildSettings = {
				PRODUCT_NAME = "$(TARGET_NAME)";
			};
			name = Release;
		};
/* End XCBuildConfiguration section */

/* Begin XCConfigurationList section */
		2B9AD1491FBB43C400E80C9F /* Build configuration list for PBXProject "PS3" */ = {
			isa = XCConfigurationList;
			buildConfigurations = (
				2B9AD1531FBB43C400E80C9F /* Debug */,
				2B9AD1541FBB43C400E80C9F /* Release */,
			);
			defaultConfigurationIsVisible = 0;
			defaultConfigurationName = Release;
		};
		2B9AD1551FBB43C400E80C9F /* Build configuration list for PBXNativeTarget "PS3" */ = {
			isa = XCConfigurationList;
			buildConfigurations = (
				2B9AD1561FBB43C400E80C9F /* Debug */,
				2B9AD1571FBB43C400E80C9F /* Release */,
			);
			defaultConfigurationIsVisible = 0;
			defaultConfigurationName = Release;
		};
/* End XCConfigurationList section */
	};
	rootObject = 2B9AD1461FBB43C400E80C9F /* Project object */;
}
